
Microsoft Visual Studio Solution File, Format Version 12.00
# Visual Studio 2013
VisualStudioVersion = 12.0.21005.1
MinimumVisualStudioVersion = 10.0.40219.1
Project("{2150E333-8FDC-42A3-9474-1A3956D46DE8}") = "ServiceBusAdapters", "ServiceBusAdapters", "{B518FCF7-E851-4F91-A938-E2250484AB2A}"
EndProject
Project("{2150E333-8FDC-42A3-9474-1A3956D46DE8}") = "Core", "Core", "{0018C0C5-79B4-456D-9D73-D51B18900492}"
EndProject
Project("{2150E333-8FDC-42A3-9474-1A3956D46DE8}") = "Execution", "Execution", "{939DE3DD-BAE6-485A-B95D-D7FADA9F42DA}"
EndProject
Project("{2150E333-8FDC-42A3-9474-1A3956D46DE8}") = "Visualization", "Visualization", "{9F64171F-0E7E-47E7-B81F-51D5FB922242}"
EndProject
Project("{FAE04EC0-301F-11D3-BF4B-00C04F79EFBC}") = "XFlow.Messaging", "XFlow.Models\XFlow.Messaging.csproj", "{7D5AAA76-2E1E-4BD8-A444-AAA7F5AAD28A}"
EndProject
Project("{FAE04EC0-301F-11D3-BF4B-00C04F79EFBC}") = "XFlow.BPC", "XFlow.BPC\XFlow.BPC.csproj", "{DA9D979D-1023-4244-A5C2-00C639BBE428}"
EndProject
Project("{FAE04EC0-301F-11D3-BF4B-00C04F79EFBC}") = "XFlow.Ports", "XFlow.Ports\XFlow.Ports.csproj", "{A911A21B-FFDF-4004-ABEF-62DA273ADD00}"
EndProject
Project("{FAE04EC0-301F-11D3-BF4B-00C04F79EFBC}") = "XFlow.Bus", "XFlow.Bus\XFlow.Bus.csproj", "{DF6AA92B-68BA-4A91-A729-225C12702F3C}"
EndProject
Project("{FAE04EC0-301F-11D3-BF4B-00C04F79EFBC}") = "XFlow.Checkpointing", "XFlow.Checkpointing\XFlow.Checkpointing.csproj", "{BFD4E08F-3E01-435C-A7AB-F0BDB7D3D374}"
EndProject
Project("{FAE04EC0-301F-11D3-BF4B-00C04F79EFBC}") = "XFlow.Swapping", "XFlow.Swapping\XFlow.Swapping.csproj", "{A7F45E82-5CE7-4916-9858-3C5879FD0CB4}"
EndProject
Project("{2150E333-8FDC-42A3-9474-1A3956D46DE8}") = "Infrastructure", "Infrastructure", "{5C23571B-D867-4C12-82A8-AC854AE6D560}"
EndProject
Project("{FAE04EC0-301F-11D3-BF4B-00C04F79EFBC}") = "XFlow.Infrastructure", "XFlow.Infrastructure\XFlow.Infrastructure.csproj", "{BDEF9049-A3B8-48C8-B1DC-4447E4AEF293}"
EndProject
Global
	GlobalSection(SolutionConfigurationPlatforms) = preSolution
		Debug|Any CPU = Debug|Any CPU
		Release|Any CPU = Release|Any CPU
	EndGlobalSection
	GlobalSection(ProjectConfigurationPlatforms) = postSolution
		{7D5AAA76-2E1E-4BD8-A444-AAA7F5AAD28A}.Debug|Any CPU.ActiveCfg = Debug|Any CPU
		{7D5AAA76-2E1E-4BD8-A444-AAA7F5AAD28A}.Debug|Any CPU.Build.0 = Debug|Any CPU
		{7D5AAA76-2E1E-4BD8-A444-AAA7F5AAD28A}.Release|Any CPU.ActiveCfg = Release|Any CPU
		{7D5AAA76-2E1E-4BD8-A444-AAA7F5AAD28A}.Release|Any CPU.Build.0 = Release|Any CPU
		{DA9D979D-1023-4244-A5C2-00C639BBE428}.Debug|Any CPU.ActiveCfg = Debug|Any CPU
		{DA9D979D-1023-4244-A5C2-00C639BBE428}.Debug|Any CPU.Build.0 = Debug|Any CPU
		{DA9D979D-1023-4244-A5C2-00C639BBE428}.Release|Any CPU.ActiveCfg = Release|Any CPU
		{DA9D979D-1023-4244-A5C2-00C639BBE428}.Release|Any CPU.Build.0 = Release|Any CPU
		{A911A21B-FFDF-4004-ABEF-62DA273ADD00}.Debug|Any CPU.ActiveCfg = Debug|Any CPU
		{A911A21B-FFDF-4004-ABEF-62DA273ADD00}.Debug|Any CPU.Build.0 = Debug|Any CPU
		{A911A21B-FFDF-4004-ABEF-62DA273ADD00}.Release|Any CPU.ActiveCfg = Release|Any CPU
		{A911A21B-FFDF-4004-ABEF-62DA273ADD00}.Release|Any CPU.Build.0 = Release|Any CPU
		{DF6AA92B-68BA-4A91-A729-225C12702F3C}.Debug|Any CPU.ActiveCfg = Debug|Any CPU
		{DF6AA92B-68BA-4A91-A729-225C12702F3C}.Debug|Any CPU.Build.0 = Debug|Any CPU
		{DF6AA92B-68BA-4A91-A729-225C12702F3C}.Release|Any CPU.ActiveCfg = Release|Any CPU
		{DF6AA92B-68BA-4A91-A729-225C12702F3C}.Release|Any CPU.Build.0 = Release|Any CPU
		{BFD4E08F-3E01-435C-A7AB-F0BDB7D3D374}.Debug|Any CPU.ActiveCfg = Debug|Any CPU
		{BFD4E08F-3E01-435C-A7AB-F0BDB7D3D374}.Debug|Any CPU.Build.0 = Debug|Any CPU
		{BFD4E08F-3E01-435C-A7AB-F0BDB7D3D374}.Release|Any CPU.ActiveCfg = Release|Any CPU
		{BFD4E08F-3E01-435C-A7AB-F0BDB7D3D374}.Release|Any CPU.Build.0 = Release|Any CPU
		{A7F45E82-5CE7-4916-9858-3C5879FD0CB4}.Debug|Any CPU.ActiveCfg = Debug|Any CPU
		{A7F45E82-5CE7-4916-9858-3C5879FD0CB4}.Debug|Any CPU.Build.0 = Debug|Any CPU
		{A7F45E82-5CE7-4916-9858-3C5879FD0CB4}.Release|Any CPU.ActiveCfg = Release|Any CPU
		{A7F45E82-5CE7-4916-9858-3C5879FD0CB4}.Release|Any CPU.Build.0 = Release|Any CPU
		{BDEF9049-A3B8-48C8-B1DC-4447E4AEF293}.Debug|Any CPU.ActiveCfg = Debug|Any CPU
		{BDEF9049-A3B8-48C8-B1DC-4447E4AEF293}.Debug|Any CPU.Build.0 = Debug|Any CPU
		{BDEF9049-A3B8-48C8-B1DC-4447E4AEF293}.Release|Any CPU.ActiveCfg = Release|Any CPU
		{BDEF9049-A3B8-48C8-B1DC-4447E4AEF293}.Release|Any CPU.Build.0 = Release|Any CPU
	EndGlobalSection
	GlobalSection(SolutionProperties) = preSolution
		HideSolutionNode = FALSE
	EndGlobalSection
	GlobalSection(NestedProjects) = preSolution
		{7D5AAA76-2E1E-4BD8-A444-AAA7F5AAD28A} = {0018C0C5-79B4-456D-9D73-D51B18900492}
		{DA9D979D-1023-4244-A5C2-00C639BBE428} = {0018C0C5-79B4-456D-9D73-D51B18900492}
		{A911A21B-FFDF-4004-ABEF-62DA273ADD00} = {0018C0C5-79B4-456D-9D73-D51B18900492}
		{DF6AA92B-68BA-4A91-A729-225C12702F3C} = {0018C0C5-79B4-456D-9D73-D51B18900492}
		{BFD4E08F-3E01-435C-A7AB-F0BDB7D3D374} = {939DE3DD-BAE6-485A-B95D-D7FADA9F42DA}
		{A7F45E82-5CE7-4916-9858-3C5879FD0CB4} = {939DE3DD-BAE6-485A-B95D-D7FADA9F42DA}
		{BDEF9049-A3B8-48C8-B1DC-4447E4AEF293} = {5C23571B-D867-4C12-82A8-AC854AE6D560}
	EndGlobalSection
EndGlobal
